
Microsoft Visual Studio Solution File, Format Version 12.00
# Visual Studio Version 16
VisualStudioVersion = 16.0.31005.135
MinimumVisualStudioVersion = 10.0.40219.1
Project("{FAE04EC0-301F-11D3-BF4B-00C04F79EFBC}") = "RazorPagesMovie", "RazorPagesMovie\RazorPagesMovie.csproj", "{DF6EDBC3-41D2-4AA8-A75B-D0406157F945}"
EndProject
Global
	GlobalSection(SolutionConfigurationPlatforms) = preSolution
		Debug|Any CPU = Debug|Any CPU
		Release|Any CPU = Release|Any CPU
	EndGlobalSection
	GlobalSection(ProjectConfigurationPlatforms) = postSolution
		{DF6EDBC3-41D2-4AA8-A75B-D0406157F945}.Debug|Any CPU.ActiveCfg = Debug|Any CPU
		{DF6EDBC3-41D2-4AA8-A75B-D0406157F945}.Debug|Any CPU.Build.0 = Debug|Any CPU
		{DF6EDBC3-41D2-4AA8-A75B-D0406157F945}.Release|Any CPU.ActiveCfg = Release|Any CPU
		{DF6EDBC3-41D2-4AA8-A75B-D0406157F945}.Release|Any CPU.Build.0 = Release|Any CPU
	EndGlobalSection
	GlobalSection(SolutionProperties) = preSolution
		HideSolutionNode = FALSE
	EndGlobalSection
	GlobalSection(ExtensibilityGlobals) = postSolution
		SolutionGuid = {87B0205F-BF07-41B8-A260-7B898646F4A7}
	EndGlobalSection
EndGlobal
